
Microsoft Visual Studio Solution File, Format Version 12.00
# Visual Studio Version 17
VisualStudioVersion = 17.7.34024.191
MinimumVisualStudioVersion = 10.0.40219.1
Project("{FAE04EC0-301F-11D3-BF4B-00C04F79EFBC}") = "bayonetWpfApp", "bayonetWpfApp\bayonetWpfApp.csproj", "{436CEFAF-8843-4B85-B240-5ED9A0DADB23}"
EndProject
Global
	GlobalSection(SolutionConfigurationPlatforms) = preSolution
		Debug|Any CPU = Debug|Any CPU
		Release|Any CPU = Release|Any CPU
	EndGlobalSection
	GlobalSection(ProjectConfigurationPlatforms) = postSolution
		{436CEFAF-8843-4B85-B240-5ED9A0DADB23}.Debug|Any CPU.ActiveCfg = Debug|Any CPU
		{436CEFAF-8843-4B85-B240-5ED9A0DADB23}.Debug|Any CPU.Build.0 = Debug|Any CPU
		{436CEFAF-8843-4B85-B240-5ED9A0DADB23}.Release|Any CPU.ActiveCfg = Release|Any CPU
		{436CEFAF-8843-4B85-B240-5ED9A0DADB23}.Release|Any CPU.Build.0 = Release|Any CPU
	EndGlobalSection
	GlobalSection(SolutionProperties) = preSolution
		HideSolutionNode = FALSE
	EndGlobalSection
	GlobalSection(ExtensibilityGlobals) = postSolution
		SolutionGuid = {ACBCA013-2185-4483-9A5E-92EDA8520B74}
	EndGlobalSection
EndGlobal
